Microsoft Visual Studio Solution File, Format Version 12.00
# Visual Studio Version 16
VisualStudioVersion = 16.0.29418.71
MinimumVisualStudioVersion = 15.0.26124.0
Project("{2150E333-8FDC-42A3-9474-1A3956D46DE8}") = "src", "src", "{D0A5A0BA-56F9-4C56-8785-8C9F23A3B411}"
EndProject
Project("{9A19103F-16F7-4668-BE54-9A1E7A4F7556}") = "Serilog.Sinks.Datadog.Logs", "src\Serilog.Sinks.Datadog.Logs\Serilog.Sinks.Datadog.Logs.csproj", "{897105F7-58A7-4849-98A8-EB8EDD450E47}"
EndProject
Global
	GlobalSection(SolutionConfigurationPlatforms) = preSolution
		Debug|Any CPU = Debug|Any CPU
		Debug|x64 = Debug|x64
		Debug|x86 = Debug|x86
		Release|Any CPU = Release|Any CPU
		Release|x64 = Release|x64
		Release|x86 = Release|x86
	EndGlobalSection
	GlobalSection(ProjectConfigurationPlatforms) = postSolution
		{897105F7-58A7-4849-98A8-EB8EDD450E47}.Debug|Any CPU.ActiveCfg = Debug|Any CPU
		{897105F7-58A7-4849-98A8-EB8EDD450E47}.Debug|Any CPU.Build.0 = Debug|Any CPU
		{897105F7-58A7-4849-98A8-EB8EDD450E47}.Debug|x64.ActiveCfg = Debug|Any CPU
		{897105F7-58A7-4849-98A8-EB8EDD450E47}.Debug|x64.Build.0 = Debug|Any CPU
		{897105F7-58A7-4849-98A8-EB8EDD450E47}.Debug|x86.ActiveCfg = Debug|Any CPU
		{897105F7-58A7-4849-98A8-EB8EDD450E47}.Debug|x86.Build.0 = Debug|Any CPU
		{897105F7-58A7-4849-98A8-EB8EDD450E47}.Release|Any CPU.ActiveCfg = Release|Any CPU
		{897105F7-58A7-4849-98A8-EB8EDD450E47}.Release|Any CPU.Build.0 = Release|Any CPU
		{897105F7-58A7-4849-98A8-EB8EDD450E47}.Release|x64.ActiveCfg = Release|Any CPU
		{897105F7-58A7-4849-98A8-EB8EDD450E47}.Release|x64.Build.0 = Release|Any CPU
		{897105F7-58A7-4849-98A8-EB8EDD450E47}.Release|x86.ActiveCfg = Release|Any CPU
		{897105F7-58A7-4849-98A8-EB8EDD450E47}.Release|x86.Build.0 = Release|Any CPU
	EndGlobalSection
	GlobalSection(SolutionProperties) = preSolution
		HideSolutionNode = FALSE
	EndGlobalSection
	GlobalSection(NestedProjects) = preSolution
		{897105F7-58A7-4849-98A8-EB8EDD450E47} = {D0A5A0BA-56F9-4C56-8785-8C9F23A3B411}
	EndGlobalSection
	GlobalSection(ExtensibilityGlobals) = postSolution
		SolutionGuid = {DAA72944-174B-45F4-92A5-FCEB78A03E00}
	EndGlobalSection
EndGlobal
